
Microsoft Visual Studio Solution File, Format Version 12.00
# Visual Studio Version 17
VisualStudioVersion = 17.11.35303.130
MinimumVisualStudioVersion = 10.0.40219.1
Project("{9A19103F-16F7-4668-BE54-9A1E7A4F7556}") = "CertificationApp", "CertificationApp\CertificationApp.csproj", "{5802BAEC-E079-4C6C-BEE4-48DBD4AD6CBB}"
EndProject
Project("{FAE04EC0-301F-11D3-BF4B-00C04F79EFBC}") = "CertificationApp.Tests", "CertificationApp.Tests\CertificationApp.Tests.csproj", "{20578D13-5197-41A8-BE8A-7EC3854866BD}"
EndProject
Global
	GlobalSection(SolutionConfigurationPlatforms) = preSolution
		Debug|Any CPU = Debug|Any CPU
		Release|Any CPU = Release|Any CPU
	EndGlobalSection
	GlobalSection(ProjectConfigurationPlatforms) = postSolution
		{5802BAEC-E079-4C6C-BEE4-48DBD4AD6CBB}.Debug|Any CPU.ActiveCfg = Debug|Any CPU
		{5802BAEC-E079-4C6C-BEE4-48DBD4AD6CBB}.Debug|Any CPU.Build.0 = Debug|Any CPU
		{5802BAEC-E079-4C6C-BEE4-48DBD4AD6CBB}.Release|Any CPU.ActiveCfg = Release|Any CPU
		{5802BAEC-E079-4C6C-BEE4-48DBD4AD6CBB}.Release|Any CPU.Build.0 = Release|Any CPU
		{20578D13-5197-41A8-BE8A-7EC3854866BD}.Debug|Any CPU.ActiveCfg = Debug|Any CPU
		{20578D13-5197-41A8-BE8A-7EC3854866BD}.Debug|Any CPU.Build.0 = Debug|Any CPU
		{20578D13-5197-41A8-BE8A-7EC3854866BD}.Release|Any CPU.ActiveCfg = Release|Any CPU
		{20578D13-5197-41A8-BE8A-7EC3854866BD}.Release|Any CPU.Build.0 = Release|Any CPU
	EndGlobalSection
	GlobalSection(SolutionProperties) = preSolution
		HideSolutionNode = FALSE
	EndGlobalSection
	GlobalSection(ExtensibilityGlobals) = postSolution
		SolutionGuid = {B4A83AE5-AB96-4FE0-8150-A61F080A74EC}
	EndGlobalSection
EndGlobal
